
Microsoft Visual Studio Solution File, Format Version 12.00
# Visual Studio Version 17
VisualStudioVersion = 17.4.33103.184
MinimumVisualStudioVersion = 10.0.40219.1
Project("{FAE04EC0-301F-11D3-BF4B-00C04F79EFBC}") = "Lab02_Pakhomov", "Lab02_Pakhomov\Lab02_Pakhomov.csproj", "{96505D82-8F1F-492B-8D33-8749F55017AD}"
EndProject
Global
	GlobalSection(SolutionConfigurationPlatforms) = preSolution
		Debug|Any CPU = Debug|Any CPU
		Release|Any CPU = Release|Any CPU
	EndGlobalSection
	GlobalSection(ProjectConfigurationPlatforms) = postSolution
		{96505D82-8F1F-492B-8D33-8749F55017AD}.Debug|Any CPU.ActiveCfg = Debug|Any CPU
		{96505D82-8F1F-492B-8D33-8749F55017AD}.Debug|Any CPU.Build.0 = Debug|Any CPU
		{96505D82-8F1F-492B-8D33-8749F55017AD}.Release|Any CPU.ActiveCfg = Release|Any CPU
		{96505D82-8F1F-492B-8D33-8749F55017AD}.Release|Any CPU.Build.0 = Release|Any CPU
	EndGlobalSection
	GlobalSection(SolutionProperties) = preSolution
		HideSolutionNode = FALSE
	EndGlobalSection
	GlobalSection(ExtensibilityGlobals) = postSolution
		SolutionGuid = {5A647B6C-E04E-407C-8552-9F8A0107D364}
	EndGlobalSection
EndGlobal
